{
  "name": "finch-log",
  "version": "0.1.2",
  "lockfileVersion": 1,
  "requires": true,
  "dependencies": {
    "@types/node": {
      "version": "13.13.52",
      "resolved": "https://registry.npmjs.org/@types/node/-/node-13.13.52.tgz",
      "integrity": "sha512-s3nugnZumCC//n4moGGe6tkNMyYEdaDBitVjwPxXmR5lnMG5dHePinH2EdxkG3Rh1ghFHHixAG4NJhpJW1rthQ==",
      "dev": true
    },
    "finch-tools": {
      "version": "0.2.2",
      "resolved": "https://registry.npmjs.org/finch-tools/-/finch-tools-0.2.2.tgz",
      "integrity": "sha512-m8htxg5y8eJxPdSsHWEPELNMN6x2X6qkK4My9wEvbphNyhDVk2X+H10kFS/27K99boSZ8LQFOSgbDAGyWb/ldg=="
    }
  }
}
